# AUTO-GENERATED: Do not modify
_lockFormatVersion = "0.1.0"

[project]
  name = "github.com/rykov/paperboy"
  version = "0.1.0"
  dependencies = [
    "github.com/chris-ramon/douceur/inliner 0.2.1-head.15+mf3463056cd52886eda904655e1940157bf323bd7",
    "github.com/ghodss/yaml 1.0.0",
    "github.com/go-gomail/gomail 2.0.1-head.23+m81ebce5c23dfd25c6c67194b37d3dd3f338c98b1",
    "github.com/pelletier/go-toml 0.5.1-head.7+mfe206efb84b2bc8e8cfafe6b4c1826622be969e3",
    "github.com/russross/blackfriday 0.1.0-head.395+mb253417e1cb644d645a0a3bb1fa5034c8030127c",
    "github.com/spf13/afero 0.1.0-head.178+m9be650865eab0c12963d8753212f4f9c66cdcf12",
    "github.com/spf13/cast 1.1.0",
    "github.com/spf13/cobra 0.1.0-head.487+m8f0203be891287870100e4af46262cdf4a4261d1",
    "github.com/spf13/viper 0.1.0-head.186+m0967fc9aceab2ce9da34061253ac10fb99bba5b2",
    "github.com/toorop/go-dkim 0.1.0-head.41+m43c1bb05e85404d07a5020ad38c6b67b3a039b86"
  ]

[[packages]]
  name = "github.com/PuerkitoBio/goquery"
  version = "1.1.1-head.3+med7d758e9a34ba1f55e8084e0d731448b46921a8"
  release = "github.com/PuerkitoBio/goquery#ed7d758e9a34ba1f55e8084e0d731448b46921a8"
  dependencies = [
    "github.com/andybalholm/cascadia 0.1.0-head.53+m349dd0209470eabd9514242c688c403c0926d266",
    "golang.org/x/net/html 0.1.0-head.1133+m0819898fb4973868bba6de59b6aaad75beea9a6a"
  ]

[[packages]]
  name = "github.com/andybalholm/cascadia"
  version = "0.1.0-head.53+m349dd0209470eabd9514242c688c403c0926d266"
  release = "github.com/andybalholm/cascadia#349dd0209470eabd9514242c688c403c0926d266"
  dependencies = [
    "golang.org/x/net/html 0.1.0-head.1133+m0819898fb4973868bba6de59b6aaad75beea9a6a"
  ]

[[packages]]
  name = "github.com/chris-ramon/douceur/css"
  version = "0.2.1-head.15+mf3463056cd52886eda904655e1940157bf323bd7"
  release = "github.com/chris-ramon/douceur#f3463056cd52886eda904655e1940157bf323bd7"

[[packages]]
  name = "github.com/chris-ramon/douceur/inliner"
  version = "0.2.1-head.15+mf3463056cd52886eda904655e1940157bf323bd7"
  release = "github.com/chris-ramon/douceur#f3463056cd52886eda904655e1940157bf323bd7"
  dependencies = [
    "github.com/PuerkitoBio/goquery 1.1.1-head.3+med7d758e9a34ba1f55e8084e0d731448b46921a8",
    "github.com/chris-ramon/douceur/css 0.2.1-head.15+mf3463056cd52886eda904655e1940157bf323bd7",
    "github.com/chris-ramon/douceur/parser 0.2.1-head.15+mf3463056cd52886eda904655e1940157bf323bd7",
    "golang.org/x/net/html 0.1.0-head.1133+m0819898fb4973868bba6de59b6aaad75beea9a6a"
  ]

[[packages]]
  name = "github.com/chris-ramon/douceur/parser"
  version = "0.2.1-head.15+mf3463056cd52886eda904655e1940157bf323bd7"
  release = "github.com/chris-ramon/douceur#f3463056cd52886eda904655e1940157bf323bd7"
  dependencies = [
    "github.com/chris-ramon/douceur/css 0.2.1-head.15+mf3463056cd52886eda904655e1940157bf323bd7",
    "github.com/gorilla/css/scanner 0.1.0-head.17+m398b0b046082ecb3694c01bec6b336a06a4e530a"
  ]

[[packages]]
  name = "github.com/fsnotify/fsnotify"
  version = "1.4.3-head.6+m4da3e2cfbabc9f751898f250b49f2439785783a1"
  release = "github.com/fsnotify/fsnotify#4da3e2cfbabc9f751898f250b49f2439785783a1"
  dependencies = [
    "golang.org/x/sys/unix 0.1.0-head.205+m9ccfe848b9db8435a24c424abbc07a921adf1df5"
  ]

[[packages]]
  name = "github.com/ghodss/yaml"
  version = "1.0.0"
  release = "github.com/ghodss/yaml#0ca9ea5df5451ffdf184b4428c902747c2c11cd7"
  dependencies = [
    "gopkg.in/yaml.v2 0.1.0-head.192+mcd8b52f8269e0feb286dfeef29f8fe4d5b397e0b"
  ]

[[packages]]
  name = "github.com/go-gomail/gomail"
  version = "2.0.1-head.23+m81ebce5c23dfd25c6c67194b37d3dd3f338c98b1"
  release = "github.com/go-gomail/gomail#81ebce5c23dfd25c6c67194b37d3dd3f338c98b1"

[[packages]]
  name = "github.com/gorilla/css/scanner"
  version = "0.1.0-head.17+m398b0b046082ecb3694c01bec6b336a06a4e530a"
  release = "github.com/gorilla/css#398b0b046082ecb3694c01bec6b336a06a4e530a"

[[packages]]
  name = "github.com/hashicorp/hcl"
  version = "0.1.0-head.496+m7fa7fff964d035e8a162cce3a164b3ad02ad651b"
  release = "github.com/hashicorp/hcl#7fa7fff964d035e8a162cce3a164b3ad02ad651b"
  dependencies = [
    "github.com/hashicorp/hcl/hcl/ast 0.1.0-head.496+m7fa7fff964d035e8a162cce3a164b3ad02ad651b",
    "github.com/hashicorp/hcl/hcl/parser 0.1.0-head.496+m7fa7fff964d035e8a162cce3a164b3ad02ad651b",
    "github.com/hashicorp/hcl/hcl/token 0.1.0-head.496+m7fa7fff964d035e8a162cce3a164b3ad02ad651b",
    "github.com/hashicorp/hcl/json/parser 0.1.0-head.496+m7fa7fff964d035e8a162cce3a164b3ad02ad651b"
  ]

[[packages]]
  name = "github.com/hashicorp/hcl/hcl/ast"
  version = "0.1.0-head.496+m7fa7fff964d035e8a162cce3a164b3ad02ad651b"
  release = "github.com/hashicorp/hcl#7fa7fff964d035e8a162cce3a164b3ad02ad651b"
  dependencies = [
    "github.com/hashicorp/hcl/hcl/token 0.1.0-head.496+m7fa7fff964d035e8a162cce3a164b3ad02ad651b"
  ]

[[packages]]
  name = "github.com/hashicorp/hcl/hcl/parser"
  version = "0.1.0-head.496+m7fa7fff964d035e8a162cce3a164b3ad02ad651b"
  release = "github.com/hashicorp/hcl#7fa7fff964d035e8a162cce3a164b3ad02ad651b"
  dependencies = [
    "github.com/hashicorp/hcl/hcl/ast 0.1.0-head.496+m7fa7fff964d035e8a162cce3a164b3ad02ad651b",
    "github.com/hashicorp/hcl/hcl/scanner 0.1.0-head.496+m7fa7fff964d035e8a162cce3a164b3ad02ad651b",
    "github.com/hashicorp/hcl/hcl/token 0.1.0-head.496+m7fa7fff964d035e8a162cce3a164b3ad02ad651b"
  ]

[[packages]]
  name = "github.com/hashicorp/hcl/hcl/scanner"
  version = "0.1.0-head.496+m7fa7fff964d035e8a162cce3a164b3ad02ad651b"
  release = "github.com/hashicorp/hcl#7fa7fff964d035e8a162cce3a164b3ad02ad651b"
  dependencies = [
    "github.com/hashicorp/hcl/hcl/token 0.1.0-head.496+m7fa7fff964d035e8a162cce3a164b3ad02ad651b"
  ]

[[packages]]
  name = "github.com/hashicorp/hcl/hcl/strconv"
  version = "0.1.0-head.496+m7fa7fff964d035e8a162cce3a164b3ad02ad651b"
  release = "github.com/hashicorp/hcl#7fa7fff964d035e8a162cce3a164b3ad02ad651b"

[[packages]]
  name = "github.com/hashicorp/hcl/hcl/token"
  version = "0.1.0-head.496+m7fa7fff964d035e8a162cce3a164b3ad02ad651b"
  release = "github.com/hashicorp/hcl#7fa7fff964d035e8a162cce3a164b3ad02ad651b"
  dependencies = [
    "github.com/hashicorp/hcl/hcl/strconv 0.1.0-head.496+m7fa7fff964d035e8a162cce3a164b3ad02ad651b"
  ]

[[packages]]
  name = "github.com/hashicorp/hcl/json/parser"
  version = "0.1.0-head.496+m7fa7fff964d035e8a162cce3a164b3ad02ad651b"
  release = "github.com/hashicorp/hcl#7fa7fff964d035e8a162cce3a164b3ad02ad651b"
  dependencies = [
    "github.com/hashicorp/hcl/hcl/ast 0.1.0-head.496+m7fa7fff964d035e8a162cce3a164b3ad02ad651b",
    "github.com/hashicorp/hcl/hcl/token 0.1.0-head.496+m7fa7fff964d035e8a162cce3a164b3ad02ad651b",
    "github.com/hashicorp/hcl/json/scanner 0.1.0-head.496+m7fa7fff964d035e8a162cce3a164b3ad02ad651b",
    "github.com/hashicorp/hcl/json/token 0.1.0-head.496+m7fa7fff964d035e8a162cce3a164b3ad02ad651b"
  ]

[[packages]]
  name = "github.com/hashicorp/hcl/json/scanner"
  version = "0.1.0-head.496+m7fa7fff964d035e8a162cce3a164b3ad02ad651b"
  release = "github.com/hashicorp/hcl#7fa7fff964d035e8a162cce3a164b3ad02ad651b"
  dependencies = [
    "github.com/hashicorp/hcl/json/token 0.1.0-head.496+m7fa7fff964d035e8a162cce3a164b3ad02ad651b"
  ]

[[packages]]
  name = "github.com/hashicorp/hcl/json/token"
  version = "0.1.0-head.496+m7fa7fff964d035e8a162cce3a164b3ad02ad651b"
  release = "github.com/hashicorp/hcl#7fa7fff964d035e8a162cce3a164b3ad02ad651b"
  dependencies = [
    "github.com/hashicorp/hcl/hcl/token 0.1.0-head.496+m7fa7fff964d035e8a162cce3a164b3ad02ad651b"
  ]

[[packages]]
  name = "github.com/magiconair/properties"
  version = "1.7.3-head.7+m51463bfca2576e06c62a8504b5c0f06d61312647"
  release = "github.com/magiconair/properties#51463bfca2576e06c62a8504b5c0f06d61312647"

[[packages]]
  name = "github.com/mitchellh/mapstructure"
  version = "0.1.0-head.132+mcc8532a8e9a55ea36402aa21efdf403a60d34096"
  release = "github.com/mitchellh/mapstructure#cc8532a8e9a55ea36402aa21efdf403a60d34096"

[[packages]]
  name = "github.com/pelletier/go-buffruneio"
  version = "0.2.0"
  release = "github.com/pelletier/go-buffruneio#c37440a7cf42ac63b919c752ca73a85067e05992"

[[packages]]
  name = "github.com/pelletier/go-toml"
  version = "0.5.1-head.7+mfe206efb84b2bc8e8cfafe6b4c1826622be969e3"
  release = "github.com/pelletier/go-toml#fe206efb84b2bc8e8cfafe6b4c1826622be969e3"
  dependencies = [
    "github.com/pelletier/go-buffruneio 0.2.0"
  ]

[[packages]]
  name = "github.com/russross/blackfriday"
  version = "0.1.0-head.395+mb253417e1cb644d645a0a3bb1fa5034c8030127c"
  release = "github.com/russross/blackfriday#b253417e1cb644d645a0a3bb1fa5034c8030127c"
  dependencies = [
    "github.com/shurcooL/sanitized_anchor_name 0.1.0-head.12+m79c90efaf01eddc01945af5bc1797859189b830b"
  ]

[[packages]]
  name = "github.com/shurcooL/sanitized_anchor_name"
  version = "0.1.0-head.12+m79c90efaf01eddc01945af5bc1797859189b830b"
  release = "github.com/shurcooL/sanitized_anchor_name#79c90efaf01eddc01945af5bc1797859189b830b"

[[packages]]
  name = "github.com/spf13/afero"
  version = "0.1.0-head.178+m9be650865eab0c12963d8753212f4f9c66cdcf12"
  release = "github.com/spf13/afero#9be650865eab0c12963d8753212f4f9c66cdcf12"
  dependencies = [
    "github.com/spf13/afero/mem 0.1.0-head.178+m9be650865eab0c12963d8753212f4f9c66cdcf12",
    "golang.org/x/text/transform 0.1.0-head.430+m470f45bf29f4147d6fbd7dfd0a02a848e49f5bf4",
    "golang.org/x/text/unicode/norm 0.1.0-head.430+m470f45bf29f4147d6fbd7dfd0a02a848e49f5bf4"
  ]

[[packages]]
  name = "github.com/spf13/afero/mem"
  version = "0.1.0-head.178+m9be650865eab0c12963d8753212f4f9c66cdcf12"
  release = "github.com/spf13/afero#9be650865eab0c12963d8753212f4f9c66cdcf12"

[[packages]]
  name = "github.com/spf13/cast"
  version = "1.1.0"
  release = "github.com/spf13/cast#acbeb36b902d72a7a4c18e8f3241075e7ab763e4"

[[packages]]
  name = "github.com/spf13/cobra"
  version = "0.1.0-head.487+m8f0203be891287870100e4af46262cdf4a4261d1"
  release = "github.com/spf13/cobra#8f0203be891287870100e4af46262cdf4a4261d1"
  dependencies = [
    "github.com/spf13/pflag 0.1.0-head.225+mc990990ab4981d84da820b7b00c85139ca150b5f"
  ]

[[packages]]
  name = "github.com/spf13/jwalterweatherman"
  version = "0.1.0-head.19+mfa7ca7e836cf3a8bb4ebf799f472c12d7e903d66"
  release = "github.com/spf13/jwalterweatherman#fa7ca7e836cf3a8bb4ebf799f472c12d7e903d66"

[[packages]]
  name = "github.com/spf13/pflag"
  version = "0.1.0-head.225+mc990990ab4981d84da820b7b00c85139ca150b5f"
  release = "github.com/spf13/pflag#c990990ab4981d84da820b7b00c85139ca150b5f"

[[packages]]
  name = "github.com/spf13/viper"
  version = "0.1.0-head.186+m0967fc9aceab2ce9da34061253ac10fb99bba5b2"
  release = "github.com/spf13/viper#0967fc9aceab2ce9da34061253ac10fb99bba5b2"
  dependencies = [
    "github.com/fsnotify/fsnotify 1.4.3-head.6+m4da3e2cfbabc9f751898f250b49f2439785783a1",
    "github.com/hashicorp/hcl 0.1.0-head.496+m7fa7fff964d035e8a162cce3a164b3ad02ad651b",
    "github.com/magiconair/properties 1.7.3-head.7+m51463bfca2576e06c62a8504b5c0f06d61312647",
    "github.com/mitchellh/mapstructure 0.1.0-head.132+mcc8532a8e9a55ea36402aa21efdf403a60d34096",
    "github.com/pelletier/go-toml 0.5.1-head.7+mfe206efb84b2bc8e8cfafe6b4c1826622be969e3",
    "github.com/spf13/afero 0.1.0-head.178+m9be650865eab0c12963d8753212f4f9c66cdcf12",
    "github.com/spf13/cast 1.1.0",
    "github.com/spf13/jwalterweatherman 0.1.0-head.19+mfa7ca7e836cf3a8bb4ebf799f472c12d7e903d66",
    "github.com/spf13/pflag 0.1.0-head.225+mc990990ab4981d84da820b7b00c85139ca150b5f",
    "gopkg.in/yaml.v2 0.1.0-head.192+mcd8b52f8269e0feb286dfeef29f8fe4d5b397e0b"
  ]

[[packages]]
  name = "github.com/toorop/go-dkim"
  version = "0.1.0-head.41+m43c1bb05e85404d07a5020ad38c6b67b3a039b86"
  release = "github.com/toorop/go-dkim#43c1bb05e85404d07a5020ad38c6b67b3a039b86"

[[packages]]
  name = "golang.org/x/net/html"
  version = "0.1.0-head.1133+m0819898fb4973868bba6de59b6aaad75beea9a6a"
  release = "golang.org/x/net#0819898fb4973868bba6de59b6aaad75beea9a6a"
  dependencies = [
    "golang.org/x/net/html/atom 0.1.0-head.1133+m0819898fb4973868bba6de59b6aaad75beea9a6a"
  ]

[[packages]]
  name = "golang.org/x/net/html/atom"
  version = "0.1.0-head.1133+m0819898fb4973868bba6de59b6aaad75beea9a6a"
  release = "golang.org/x/net#0819898fb4973868bba6de59b6aaad75beea9a6a"

[[packages]]
  name = "golang.org/x/sys/unix"
  version = "0.1.0-head.205+m9ccfe848b9db8435a24c424abbc07a921adf1df5"
  release = "golang.org/x/sys#9ccfe848b9db8435a24c424abbc07a921adf1df5"

[[packages]]
  name = "golang.org/x/text/transform"
  version = "0.1.0-head.430+m470f45bf29f4147d6fbd7dfd0a02a848e49f5bf4"
  release = "golang.org/x/text#470f45bf29f4147d6fbd7dfd0a02a848e49f5bf4"

[[packages]]
  name = "golang.org/x/text/unicode/norm"
  version = "0.1.0-head.430+m470f45bf29f4147d6fbd7dfd0a02a848e49f5bf4"
  release = "golang.org/x/text#470f45bf29f4147d6fbd7dfd0a02a848e49f5bf4"
  dependencies = [
    "golang.org/x/text/transform 0.1.0-head.430+m470f45bf29f4147d6fbd7dfd0a02a848e49f5bf4"
  ]

[[packages]]
  name = "gopkg.in/yaml.v2"
  version = "0.1.0-head.192+mcd8b52f8269e0feb286dfeef29f8fe4d5b397e0b"
  release = "gopkg.in/yaml.v2#cd8b52f8269e0feb286dfeef29f8fe4d5b397e0b"
